
Microsoft Visual Studio Solution File, Format Version 12.00
# Visual Studio 15
VisualStudioVersion = 15.0.27428.2015
MinimumVisualStudioVersion = 10.0.40219.1
Project("{FAE04EC0-301F-11D3-BF4B-00C04F79EFBC}") = "SpyStore.DAL", "SpyStore.DAL\SpyStore.DAL.csproj", "{C177C7C8-7FE9-4902-8616-5E998BC559D7}"
EndProject
Project("{FAE04EC0-301F-11D3-BF4B-00C04F79EFBC}") = "SpyStore.Models", "SpyStore.Models\SpyStore.Models.csproj", "{74F909AF-D2B9-40CB-B8D4-20785D5DA227}"
EndProject
Project("{FAE04EC0-301F-11D3-BF4B-00C04F79EFBC}") = "SpyStore.DAL.Tests", "SpyStore.DAL.Tests\SpyStore.DAL.Tests.csproj", "{97A899D5-5DF8-4B89-80EA-AF1D7FEF9301}"
EndProject
Global
	GlobalSection(SolutionConfigurationPlatforms) = preSolution
		Debug|Any CPU = Debug|Any CPU
		Release|Any CPU = Release|Any CPU
	EndGlobalSection
	GlobalSection(ProjectConfigurationPlatforms) = postSolution
		{C177C7C8-7FE9-4902-8616-5E998BC559D7}.Debug|Any CPU.ActiveCfg = Debug|Any CPU
		{C177C7C8-7FE9-4902-8616-5E998BC559D7}.Debug|Any CPU.Build.0 = Debug|Any CPU
		{C177C7C8-7FE9-4902-8616-5E998BC559D7}.Release|Any CPU.ActiveCfg = Release|Any CPU
		{C177C7C8-7FE9-4902-8616-5E998BC559D7}.Release|Any CPU.Build.0 = Release|Any CPU
		{74F909AF-D2B9-40CB-B8D4-20785D5DA227}.Debug|Any CPU.ActiveCfg = Debug|Any CPU
		{74F909AF-D2B9-40CB-B8D4-20785D5DA227}.Debug|Any CPU.Build.0 = Debug|Any CPU
		{74F909AF-D2B9-40CB-B8D4-20785D5DA227}.Release|Any CPU.ActiveCfg = Release|Any CPU
		{74F909AF-D2B9-40CB-B8D4-20785D5DA227}.Release|Any CPU.Build.0 = Release|Any CPU
		{97A899D5-5DF8-4B89-80EA-AF1D7FEF9301}.Debug|Any CPU.ActiveCfg = Debug|Any CPU
		{97A899D5-5DF8-4B89-80EA-AF1D7FEF9301}.Debug|Any CPU.Build.0 = Debug|Any CPU
		{97A899D5-5DF8-4B89-80EA-AF1D7FEF9301}.Release|Any CPU.ActiveCfg = Release|Any CPU
		{97A899D5-5DF8-4B89-80EA-AF1D7FEF9301}.Release|Any CPU.Build.0 = Release|Any CPU
	EndGlobalSection
	GlobalSection(SolutionProperties) = preSolution
		HideSolutionNode = FALSE
	EndGlobalSection
	GlobalSection(ExtensibilityGlobals) = postSolution
		SolutionGuid = {A488A3FA-A6EE-41FD-A378-4287458833DF}
	EndGlobalSection
EndGlobal
